// !$*UTF8*$!
{
	archiveVersion = 1;
	classes = {
	};
	objectVersion = 51;
	objects = {

/* Begin PBXBuildFile section */
		098C7A4F05768643E47168CE /* Pods_Instagram.framework in Frameworks */ = {isa = PBXBuildFile; fileRef = 26B1590F2C7859D01D954143 /* Pods_Instagram.framework */; };
		730A6DF82605AC0100C5A799 /* AppDelegate.swift in Sources */ = {isa = PBXBuildFile; fileRef = 730A6DF72605AC0100C5A799 /* AppDelegate.swift */; };
		730A6DFA2605AC0100C5A799 /* SceneDelegate.swift in Sources */ = {isa = PBXBuildFile; fileRef = 730A6DF92605AC0100C5A799 /* SceneDelegate.swift */; };
		730A6DFF2605AC0100C5A799 /* Main.storyboard in Resources */ = {isa = PBXBuildFile; fileRef = 730A6DFD2605AC0100C5A799 /* Main.storyboard */; };
		730A6E012605AC0200C5A799 /* Assets.xcassets in Resources */ = {isa = PBXBuildFile; fileRef = 730A6E002605AC0200C5A799 /* Assets.xcassets */; };
		730A6E042605AC0200C5A799 /* LaunchScreen.storyboard in Resources */ = {isa = PBXBuildFile; fileRef = 730A6E022605AC0200C5A799 /* LaunchScreen.storyboard */; };
		730A6E0F2605AC0200C5A799 /* InstagramTests.swift in Sources */ = {isa = PBXBuildFile; fileRef = 730A6E0E2605AC0200C5A799 /* InstagramTests.swift */; };
		730A6E1A2605AC0200C5A799 /* InstagramUITests.swift in Sources */ = {isa = PBXBuildFile; fileRef = 730A6E192605AC0200C5A799 /* InstagramUITests.swift */; };
		737FA1172605C1B9000D9FDF /* PostCell.swift in Sources */ = {isa = PBXBuildFile; fileRef = 737FA1162605C1B9000D9FDF /* PostCell.swift */; };
		73FD5B892605AFA500B441B8 /* LoginViewController.swift in Sources */ = {isa = PBXBuildFile; fileRef = 73FD5B882605AFA500B441B8 /* LoginViewController.swift */; };
		73FD5B8E2605AFB700B441B8 /* FeedViewController.swift in Sources */ = {isa = PBXBuildFile; fileRef = 73FD5B8D2605AFB700B441B8 /* FeedViewController.swift */; };
		73FD5BB62605B6A300B441B8 /* CameraViewController.swift in Sources */ = {isa = PBXBuildFile; fileRef = 73FD5BB52605B6A300B441B8 /* CameraViewController.swift */; };
		95732D941B71397AC2B760A8 /* Pods_Instagram_InstagramUITests.framework in Frameworks */ = {isa = PBXBuildFile; fileRef = 739C9DA0D04E7A188872B41C /* Pods_Instagram_InstagramUITests.framework */; };
		B65938A86C1C56DD972AEBEC /* Pods_InstagramTests.framework in Frameworks */ = {isa = PBXBuildFile; fileRef = 7AA4433B5DEC255036C935C9 /* Pods_InstagramTests.framework */; };
/* End PBXBuildFile section */

/* Begin PBXContainerItemProxy section */
		730A6E0B2605AC0200C5A799 /* PBXContainerItemProxy */ = {
			isa = PBXContainerItemProxy;
			containerPortal = 730A6DEC2605AC0100C5A799 /* Project object */;
			proxyType = 1;
			remoteGlobalIDString = 730A6DF32605AC0100C5A799;
			remoteInfo = Instagram;
		};
		730A6E162605AC0200C5A799 /* PBXContainerItemProxy */ = {
			isa = PBXContainerItemProxy;
			containerPortal = 730A6DEC2605AC0100C5A799 /* Project object */;
			proxyType = 1;
			remoteGlobalIDString = 730A6DF32605AC0100C5A799;
			remoteInfo = Instagram;
		};
/* End PBXContainerItemProxy section */

/* Begin PBXFileReference section */
		1C1F924C4124A72F1E394715 /* Pods-InstagramTests.release.xcconfig */ = {isa = PBXFileReference; includeInIndex = 1; lastKnownFileType = text.xcconfig; name = "Pods-InstagramTests.release.xcconfig"; path = "Target Support Files/Pods-InstagramTests/Pods-InstagramTests.release.xcconfig"; sourceTree = "<group>"; };
		26B1590F2C7859D01D954143 /* Pods_Instagram.framework */ = {isa = PBXFileReference; explicitFileType = wrapper.framework; includeInIndex = 0; path = Pods_Instagram.framework; sourceTree = BUILT_PRODUCTS_DIR; };
		2A3AB4640CD4D2B146204F95 /* Pods-Instagram-InstagramUITests.release.xcconfig */ = {isa = PBXFileReference; includeInIndex = 1; lastKnownFileType = text.xcconfig; name = "Pods-Instagram-InstagramUITests.release.xcconfig"; path = "Target Support Files/Pods-Instagram-InstagramUITests/Pods-Instagram-InstagramUITests.release.xcconfig"; sourceTree = "<group>"; };
		4A76A03A29C529CFAE383F35 /* Pods-Instagram.release.xcconfig */ = {isa = PBXFileReference; includeInIndex = 1; lastKnownFileType = text.xcconfig; name = "Pods-Instagram.release.xcconfig"; path = "Target Support Files/Pods-Instagram/Pods-Instagram.release.xcconfig"; sourceTree = "<group>"; };
		730A6DF42605AC0100C5A799 /* Instagram.app */ = {isa = PBXFileReference; explicitFileType = wrapper.application; includeInIndex = 0; path = Instagram.app; sourceTree = BUILT_PRODUCTS_DIR; };
		730A6DF72605AC0100C5A799 /* AppDelegate.swift */ = {isa = PBXFileReference; lastKnownFileType = sourcecode.swift; path = AppDelegate.swift; sourceTree = "<group>"; };
		730A6DF92605AC0100C5A799 /* SceneDelegate.swift */ = {isa = PBXFileReference; lastKnownFileType = sourcecode.swift; path = SceneDelegate.swift; sourceTree = "<group>"; };
		730A6DFE2605AC0100C5A799 /* Base */ = {isa = PBXFileReference; lastKnownFileType = file.storyboard; name = Base; path = Base.lproj/Main.storyboard; sourceTree = "<group>"; };
		730A6E002605AC0200C5A799 /* Assets.xcassets */ = {isa = PBXFileReference; lastKnownFileType = folder.assetcatalog; path = Assets.xcassets; sourceTree = "<group>"; };
		730A6E032605AC0200C5A799 /* Base */ = {isa = PBXFileReference; lastKnownFileType = file.storyboard; name = Base; path = Base.lproj/LaunchScreen.storyboard; sourceTree = "<group>"; };
		730A6E052605AC0200C5A799 /* Info.plist */ = {isa = PBXFileReference; lastKnownFileType = text.plist.xml; path = Info.plist; sourceTree = "<group>"; };
		730A6E0A2605AC0200C5A799 /* InstagramTests.xctest */ = {isa = PBXFileReference; explicitFileType = wrapper.cfbundle; includeInIndex = 0; path = InstagramTests.xctest; sourceTree = BUILT_PRODUCTS_DIR; };
		730A6E0E2605AC0200C5A799 /* InstagramTests.swift */ = {isa = PBXFileReference; lastKnownFileType = sourcecode.swift; path = InstagramTests.swift; sourceTree = "<group>"; };
		730A6E102605AC0200C5A799 /* Info.plist */ = {isa = PBXFileReference; lastKnownFileType = text.plist.xml; path = Info.plist; sourceTree = "<group>"; };
		730A6E152605AC0200C5A799 /* InstagramUITests.xctest */ = {isa = PBXFileReference; explicitFileType = wrapper.cfbundle; includeInIndex = 0; path = InstagramUITests.xctest; sourceTree = BUILT_PRODUCTS_DIR; };
		730A6E192605AC0200C5A799 /* InstagramUITests.swift */ = {isa = PBXFileReference; lastKnownFileType = sourcecode.swift; path = InstagramUITests.swift; sourceTree = "<group>"; };
		730A6E1B2605AC0200C5A799 /* Info.plist */ = {isa = PBXFileReference; lastKnownFileType = text.plist.xml; path = Info.plist; sourceTree = "<group>"; };
		737FA1162605C1B9000D9FDF /* PostCell.swift */ = {isa = PBXFileReference; lastKnownFileType = sourcecode.swift; path = PostCell.swift; sourceTree = "<group>"; };
		739C9DA0D04E7A188872B41C /* Pods_Instagram_InstagramUITests.framework */ = {isa = PBXFileReference; explicitFileType = wrapper.framework; includeInIndex = 0; path = Pods_Instagram_InstagramUITests.framework; sourceTree = BUILT_PRODUCTS_DIR; };
		73FD5B882605AFA500B441B8 /* LoginViewController.swift */ = {isa = PBXFileReference; lastKnownFileType = sourcecode.swift; path = LoginViewController.swift; sourceTree = "<group>"; };
		73FD5B8D2605AFB700B441B8 /* FeedViewController.swift */ = {isa = PBXFileReference; lastKnownFileType = sourcecode.swift; path = FeedViewController.swift; sourceTree = "<group>"; };
		73FD5BB52605B6A300B441B8 /* CameraViewController.swift */ = {isa = PBXFileReference; lastKnownFileType = sourcecode.swift; path = CameraViewController.swift; sourceTree = "<group>"; };
		7AA4433B5DEC255036C935C9 /* Pods_InstagramTests.framework */ = {isa = PBXFileReference; explicitFileType = wrapper.framework; includeInIndex = 0; path = Pods_InstagramTests.framework; sourceTree = BUILT_PRODUCTS_DIR; };
		9BDEAD79B644099C45784C96 /* Pods-Instagram-InstagramUITests.debug.xcconfig */ = {isa = PBXFileReference; includeInIndex = 1; lastKnownFileType = text.xcconfig; name = "Pods-Instagram-InstagramUITests.debug.xcconfig"; path = "Target Support Files/Pods-Instagram-InstagramUITests/Pods-Instagram-InstagramUITests.debug.xcconfig"; sourceTree = "<group>"; };
		D668D06195D7D9BABED4D185 /* Pods-InstagramTests.debug.xcconfig */ = {isa = PBXFileReference; includeInIndex = 1; lastKnownFileType = text.xcconfig; name = "Pods-InstagramTests.debug.xcconfig"; path = "Target Support Files/Pods-InstagramTests/Pods-InstagramTests.debug.xcconfig"; sourceTree = "<group>"; };
		F92B854D99F45F6F7BBA8E5A /* Pods-Instagram.debug.xcconfig */ = {isa = PBXFileReference; includeInIndex = 1; lastKnownFileType = text.xcconfig; name = "Pods-Instagram.debug.xcconfig"; path = "Target Support Files/Pods-Instagram/Pods-Instagram.debug.xcconfig"; sourceTree = "<group>"; };
/* End PBXFileReference section */

/* Begin PBXFrameworksBuildPhase section */
		730A6DF12605AC0100C5A799 /* Frameworks */ = {
			isa = PBXFrameworksBuildPhase;
			buildActionMask = 2147483647;
			files = (
				098C7A4F05768643E47168CE /* Pods_Instagram.framework in Frameworks */,
			);
			runOnlyForDeploymentPostprocessing = 0;
		};
		730A6E072605AC0200C5A799 /* Frameworks */ = {
			isa = PBXFrameworksBuildPhase;
			buildActionMask = 2147483647;
			files = (
				B65938A86C1C56DD972AEBEC /* Pods_InstagramTests.framework in Frameworks */,
			);
			runOnlyForDeploymentPostprocessing = 0;
		};
		730A6E122605AC0200C5A799 /* Frameworks */ = {
			isa = PBXFrameworksBuildPhase;
			buildActionMask = 2147483647;
			files = (
				95732D941B71397AC2B760A8 /* Pods_Instagram_InstagramUITests.framework in Frameworks */,
			);
			runOnlyForDeploymentPostprocessing = 0;
		};
/* End PBXFrameworksBuildPhase section */

/* Begin PBXGroup section */
		3A4FE015A6DB69378A730BCA /* Pods */ = {
			isa = PBXGroup;
			children = (
				F92B854D99F45F6F7BBA8E5A /* Pods-Instagram.debug.xcconfig */,
				4A76A03A29C529CFAE383F35 /* Pods-Instagram.release.xcconfig */,
				9BDEAD79B644099C45784C96 /* Pods-Instagram-InstagramUITests.debug.xcconfig */,
				2A3AB4640CD4D2B146204F95 /* Pods-Instagram-InstagramUITests.release.xcconfig */,
				D668D06195D7D9BABED4D185 /* Pods-InstagramTests.debug.xcconfig */,
				1C1F924C4124A72F1E394715 /* Pods-InstagramTests.release.xcconfig */,
			);
			path = Pods;
			sourceTree = "<group>";
		};
		730A6DEB2605AC0100C5A799 = {
			isa = PBXGroup;
			children = (
				730A6DF62605AC0100C5A799 /* Instagram */,
				730A6E0D2605AC0200C5A799 /* InstagramTests */,
				730A6E182605AC0200C5A799 /* InstagramUITests */,
				730A6DF52605AC0100C5A799 /* Products */,
				3A4FE015A6DB69378A730BCA /* Pods */,
				AAE4FDBFF47277CC8074B4C2 /* Frameworks */,
			);
			sourceTree = "<group>";
		};
		730A6DF52605AC0100C5A799 /* Products */ = {
			isa = PBXGroup;
			children = (
				730A6DF42605AC0100C5A799 /* Instagram.app */,
				730A6E0A2605AC0200C5A799 /* InstagramTests.xctest */,
				730A6E152605AC0200C5A799 /* InstagramUITests.xctest */,
			);
			name = Products;
			sourceTree = "<group>";
		};
		730A6DF62605AC0100C5A799 /* Instagram */ = {
			isa = PBXGroup;
			children = (
				730A6DF72605AC0100C5A799 /* AppDelegate.swift */,
				730A6DF92605AC0100C5A799 /* SceneDelegate.swift */,
				730A6DFD2605AC0100C5A799 /* Main.storyboard */,
				730A6E002605AC0200C5A799 /* Assets.xcassets */,
				730A6E022605AC0200C5A799 /* LaunchScreen.storyboard */,
				730A6E052605AC0200C5A799 /* Info.plist */,
				73FD5B882605AFA500B441B8 /* LoginViewController.swift */,
				73FD5B8D2605AFB700B441B8 /* FeedViewController.swift */,
				73FD5BB52605B6A300B441B8 /* CameraViewController.swift */,
				737FA1162605C1B9000D9FDF /* PostCell.swift */,
			);
			path = Instagram;
			sourceTree = "<group>";
		};
		730A6E0D2605AC0200C5A799 /* InstagramTests */ = {
			isa = PBXGroup;
			children = (
				730A6E0E2605AC0200C5A799 /* InstagramTests.swift */,
				730A6E102605AC0200C5A799 /* Info.plist */,
			);
			path = InstagramTests;
			sourceTree = "<group>";
		};
		730A6E182605AC0200C5A799 /* InstagramUITests */ = {
			isa = PBXGroup;
			children = (
				730A6E192605AC0200C5A799 /* InstagramUITests.swift */,
				730A6E1B2605AC0200C5A799 /* Info.plist */,
			);
			path = InstagramUITests;
			sourceTree = "<group>";
		};
		AAE4FDBFF47277CC8074B4C2 /* Frameworks */ = {
			isa = PBXGroup;
			children = (
				26B1590F2C7859D01D954143 /* Pods_Instagram.framework */,
				739C9DA0D04E7A188872B41C /* Pods_Instagram_InstagramUITests.framework */,
				7AA4433B5DEC255036C935C9 /* Pods_InstagramTests.framework */,
			);
			name = Frameworks;
			sourceTree = "<group>";
		};
/* End PBXGroup section */

/* Begin PBXNativeTarget section */
		730A6DF32605AC0100C5A799 /* Instagram */ = {
			isa = PBXNativeTarget;
			buildConfigurationList = 730A6E1E2605AC0200C5A799 /* Build configuration list for PBXNativeTarget "Instagram" */;
			buildPhases = (
				9B6AA563AB180111BB228CFF /* [CP] Check Pods Manifest.lock */,
				730A6DF02605AC0100C5A799 /* Sources */,
				730A6DF12605AC0100C5A799 /* Frameworks */,
				730A6DF22605AC0100C5A799 /* Resources */,
				B3F79060E6E9017FF4CB830E /* [CP] Embed Pods Frameworks */,
			);
			buildRules = (
			);
			dependencies = (
			);
			name = Instagram;
			productName = Instagram;
			productReference = 730A6DF42605AC0100C5A799 /* Instagram.app */;
			productType = "com.apple.product-type.application";
		};
		730A6E092605AC0200C5A799 /* InstagramTests */ = {
			isa = PBXNativeTarget;
			buildConfigurationList = 730A6E212605AC0200C5A799 /* Build configuration list for PBXNativeTarget "InstagramTests" */;
			buildPhases = (
				1C122A78569524DE13C3143C /* [CP] Check Pods Manifest.lock */,
				730A6E062605AC0200C5A799 /* Sources */,
				730A6E072605AC0200C5A799 /* Frameworks */,
				730A6E082605AC0200C5A799 /* Resources */,
			);
			buildRules = (
			);
			dependencies = (
				730A6E0C2605AC0200C5A799 /* PBXTargetDependency */,
			);
			name = InstagramTests;
			productName = InstagramTests;
			productReference = 730A6E0A2605AC0200C5A799 /* InstagramTests.xctest */;
			productType = "com.apple.product-type.bundle.unit-test";
		};
		730A6E142605AC0200C5A799 /* InstagramUITests */ = {
			isa = PBXNativeTarget;
			buildConfigurationList = 730A6E242605AC0200C5A799 /* Build configuration list for PBXNativeTarget "InstagramUITests" */;
			buildPhases = (
				13F897C6020805E7CF0C2890 /* [CP] Check Pods Manifest.lock */,
				730A6E112605AC0200C5A799 /* Sources */,
				730A6E122605AC0200C5A799 /* Frameworks */,
				730A6E132605AC0200C5A799 /* Resources */,
				14E4E3B30690DD0CF8D035C3 /* [CP] Embed Pods Frameworks */,
			);
			buildRules = (
			);
			dependencies = (
				730A6E172605AC0200C5A799 /* PBXTargetDependency */,
			);
			name = InstagramUITests;
			productName = InstagramUITests;
			productReference = 730A6E152605AC0200C5A799 /* InstagramUITests.xctest */;
			productType = "com.apple.product-type.bundle.ui-testing";
		};
/* End PBXNativeTarget section */

/* Begin PBXProject section */
		730A6DEC2605AC0100C5A799 /* Project object */ = {
			isa = PBXProject;
			attributes = {
				LastSwiftUpdateCheck = 1240;
				LastUpgradeCheck = 1240;
				TargetAttributes = {
					730A6DF32605AC0100C5A799 = {
						CreatedOnToolsVersion = 12.4;
					};
					730A6E092605AC0200C5A799 = {
						CreatedOnToolsVersion = 12.4;
						TestTargetID = 730A6DF32605AC0100C5A799;
					};
					730A6E142605AC0200C5A799 = {
						CreatedOnToolsVersion = 12.4;
						TestTargetID = 730A6DF32605AC0100C5A799;
					};
				};
			};
			buildConfigurationList = 730A6DEF2605AC0100C5A799 /* Build configuration list for PBXProject "Instagram" */;
			compatibilityVersion = "Xcode 9.3";
			developmentRegion = en;
			hasScannedForEncodings = 0;
			knownRegions = (
				en,
				Base,
			);
			mainGroup = 730A6DEB2605AC0100C5A799;
			productRefGroup = 730A6DF52605AC0100C5A799 /* Products */;
			projectDirPath = "";
			projectRoot = "";
			targets = (
				730A6DF32605AC0100C5A799 /* Instagram */,
				730A6E092605AC0200C5A799 /* InstagramTests */,
				730A6E142605AC0200C5A799 /* InstagramUITests */,
			);
		};
/* End PBXProject section */

/* Begin PBXResourcesBuildPhase section */
		730A6DF22605AC0100C5A799 /* Resources */ = {
			isa = PBXResourcesBuildPhase;
			buildActionMask = 2147483647;
			files = (
				730A6E042605AC0200C5A799 /* LaunchScreen.storyboard in Resources */,
				730A6E012605AC0200C5A799 /* Assets.xcassets in Resources */,
				730A6DFF2605AC0100C5A799 /* Main.storyboard in Resources */,
			);
			runOnlyForDeploymentPostprocessing = 0;
		};
		730A6E082605AC0200C5A799 /* Resources */ = {
			isa = PBXResourcesBuildPhase;
			buildActionMask = 2147483647;
			files = (
			);
			runOnlyForDeploymentPostprocessing = 0;
		};
		730A6E132605AC0200C5A799 /* Resources */ = {
			isa = PBXResourcesBuildPhase;
			buildActionMask = 2147483647;
			files = (
			);
			runOnlyForDeploymentPostprocessing = 0;
		};
/* End PBXResourcesBuildPhase section */

/* Begin PBXShellScriptBuildPhase section */
		13F897C6020805E7CF0C2890 /* [CP] Check Pods Manifest.lock */ = {
			isa = PBXShellScriptBuildPhase;
			buildActionMask = 2147483647;
			files = (
			);
			inputFileListPaths = (
			);
			inputPaths = (
				"${PODS_PODFILE_DIR_PATH}/Podfile.lock",
				"${PODS_ROOT}/Manifest.lock",
			);
			name = "[CP] Check Pods Manifest.lock";
			outputFileListPaths = (
			);
			outputPaths = (
				"$(DERIVED_FILE_DIR)/Pods-Instagram-InstagramUITests-checkManifestLockResult.txt",
			);
			runOnlyForDeploymentPostprocessing = 0;
			shellPath = /bin/sh;
			shellScript = "diff \"${PODS_PODFILE_DIR_PATH}/Podfile.lock\" \"${PODS_ROOT}/Manifest.lock\" > /dev/null\nif [ $? != 0 ] ; then\n    # print error to STDERR\n    echo \"error: The sandbox is not in sync with the Podfile.lock. Run 'pod install' or update your CocoaPods installation.\" >&2\n    exit 1\nfi\n# This output is used by Xcode 'outputs' to avoid re-running this script phase.\necho \"SUCCESS\" > \"${SCRIPT_OUTPUT_FILE_0}\"\n";
			showEnvVarsInLog = 0;
		};
		14E4E3B30690DD0CF8D035C3 /* [CP] Embed Pods Frameworks */ = {
			isa = PBXShellScriptBuildPhase;
			buildActionMask = 2147483647;
			files = (
			);
			inputFileListPaths = (
				"${PODS_ROOT}/Target Support Files/Pods-Instagram-InstagramUITests/Pods-Instagram-InstagramUITests-frameworks-${CONFIGURATION}-input-files.xcfilelist",
			);
			name = "[CP] Embed Pods Frameworks";
			outputFileListPaths = (
				"${PODS_ROOT}/Target Support Files/Pods-Instagram-InstagramUITests/Pods-Instagram-InstagramUITests-frameworks-${CONFIGURATION}-output-files.xcfilelist",
			);
			runOnlyForDeploymentPostprocessing = 0;
			shellPath = /bin/sh;
			shellScript = "\"${PODS_ROOT}/Target Support Files/Pods-Instagram-InstagramUITests/Pods-Instagram-InstagramUITests-frameworks.sh\"\n";
			showEnvVarsInLog = 0;
		};
		1C122A78569524DE13C3143C /* [CP] Check Pods Manifest.lock */ = {
			isa = PBXShellScriptBuildPhase;
			buildActionMask = 2147483647;
			files = (
			);
			inputFileListPaths = (
			);
			inputPaths = (
				"${PODS_PODFILE_DIR_PATH}/Podfile.lock",
				"${PODS_ROOT}/Manifest.lock",
			);
			name = "[CP] Check Pods Manifest.lock";
			outputFileListPaths = (
			);
			outputPaths = (
				"$(DERIVED_FILE_DIR)/Pods-InstagramTests-checkManifestLockResult.txt",
			);
			runOnlyForDeploymentPostprocessing = 0;
			shellPath = /bin/sh;
			shellScript = "diff \"${PODS_PODFILE_DIR_PATH}/Podfile.lock\" \"${PODS_ROOT}/Manifest.lock\" > /dev/null\nif [ $? != 0 ] ; then\n    # print error to STDERR\n    echo \"error: The sandbox is not in sync with the Podfile.lock. Run 'pod install' or update your CocoaPods installation.\" >&2\n    exit 1\nfi\n# This output is used by Xcode 'outputs' to avoid re-running this script phase.\necho \"SUCCESS\" > \"${SCRIPT_OUTPUT_FILE_0}\"\n";
			showEnvVarsInLog = 0;
		};
		9B6AA563AB180111BB228CFF /* [CP] Check Pods Manifest.lock */ = {
			isa = PBXShellScriptBuildPhase;
			buildActionMask = 2147483647;
			files = (
			);
			inputFileListPaths = (
			);
			inputPaths = (
				"${PODS_PODFILE_DIR_PATH}/Podfile.lock",
				"${PODS_ROOT}/Manifest.lock",
			);
			name = "[CP] Check Pods Manifest.lock";
			outputFileListPaths = (
			);
			outputPaths = (
				"$(DERIVED_FILE_DIR)/Pods-Instagram-checkManifestLockResult.txt",
			);
			runOnlyForDeploymentPostprocessing = 0;
			shellPath = /bin/sh;
			shellScript = "diff \"${PODS_PODFILE_DIR_PATH}/Podfile.lock\" \"${PODS_ROOT}/Manifest.lock\" > /dev/null\nif [ $? != 0 ] ; then\n    # print error to STDERR\n    echo \"error: The sandbox is not in sync with the Podfile.lock. Run 'pod install' or update your CocoaPods installation.\" >&2\n    exit 1\nfi\n# This output is used by Xcode 'outputs' to avoid re-running this script phase.\necho \"SUCCESS\" > \"${SCRIPT_OUTPUT_FILE_0}\"\n";
			showEnvVarsInLog = 0;
		};
		B3F79060E6E9017FF4CB830E /* [CP] Embed Pods Frameworks */ = {
			isa = PBXShellScriptBuildPhase;
			buildActionMask = 2147483647;
			files = (
			);
			inputFileListPaths = (
				"${PODS_ROOT}/Target Support Files/Pods-Instagram/Pods-Instagram-frameworks-${CONFIGURATION}-input-files.xcfilelist",
			);
			name = "[CP] Embed Pods Frameworks";
			outputFileListPaths = (
				"${PODS_ROOT}/Target Support Files/Pods-Instagram/Pods-Instagram-frameworks-${CONFIGURATION}-output-files.xcfilelist",
			);
			runOnlyForDeploymentPostprocessing = 0;
			shellPath = /bin/sh;
			shellScript = "\"${PODS_ROOT}/Target Support Files/Pods-Instagram/Pods-Instagram-frameworks.sh\"\n";
			showEnvVarsInLog = 0;
		};
/* End PBXShellScriptBuildPhase section */

/* Begin PBXSourcesBuildPhase section */
		730A6DF02605AC0100C5A799 /* Sources */ = {
			isa = PBXSourcesBuildPhase;
			buildActionMask = 2147483647;
			files = (
				73FD5B892605AFA500B441B8 /* LoginViewController.swift in Sources */,
				73FD5BB62605B6A300B441B8 /* CameraViewController.swift in Sources */,
				730A6DF82605AC0100C5A799 /* AppDelegate.swift in Sources */,
				73FD5B8E2605AFB700B441B8 /* FeedViewController.swift in Sources */,
				730A6DFA2605AC0100C5A799 /* SceneDelegate.swift in Sources */,
				737FA1172605C1B9000D9FDF /* PostCell.swift in Sources */,
			);
			runOnlyForDeploymentPostprocessing = 0;
		};
		730A6E062605AC0200C5A799 /* Sources */ = {
			isa = PBXSourcesBuildPhase;
			buildActionMask = 2147483647;
			files = (
				730A6E0F2605AC0200C5A799 /* InstagramTests.swift in Sources */,
			);
			runOnlyForDeploymentPostprocessing = 0;
		};
		730A6E112605AC0200C5A799 /* Sources */ = {
			isa = PBXSourcesBuildPhase;
			buildActionMask = 2147483647;
			files = (
				730A6E1A2605AC0200C5A799 /* InstagramUITests.swift in Sources */,
			);
			runOnlyForDeploymentPostprocessing = 0;
		};
/* End PBXSourcesBuildPhase section */

/* Begin PBXTargetDependency section */
		730A6E0C2605AC0200C5A799 /* PBXTargetDependency */ = {
			isa = PBXTargetDependency;
			target = 730A6DF32605AC0100C5A799 /* Instagram */;
			targetProxy = 730A6E0B2605AC0200C5A799 /* PBXContainerItemProxy */;
		};
		730A6E172605AC0200C5A799 /* PBXTargetDependency */ = {
			isa = PBXTargetDependency;
			target = 730A6DF32605AC0100C5A799 /* Instagram */;
			targetProxy = 730A6E162605AC0200C5A799 /* PBXContainerItemProxy */;
		};
/* End PBXTargetDependency section */

/* Begin PBXVariantGroup section */
		730A6DFD2605AC0100C5A799 /* Main.storyboard */ = {
			isa = PBXVariantGroup;
			children = (
				730A6DFE2605AC0100C5A799 /* Base */,
			);
			name = Main.storyboard;
			sourceTree = "<group>";
		};
		730A6E022605AC0200C5A799 /* LaunchScreen.storyboard */ = {
			isa = PBXVariantGroup;
			children = (
				730A6E032605AC0200C5A799 /* Base */,
			);
			name = LaunchScreen.storyboard;
			sourceTree = "<group>";
		};
/* End PBXVariantGroup section */

/* Begin XCBuildConfiguration section */
		730A6E1C2605AC0200C5A799 /* Debug */ = {
			isa = XCBuildConfiguration;
			buildSettings = {
				ALWAYS_SEARCH_USER_PATHS = NO;
				CLANG_ANALYZER_NONNULL = YES;
				CLANG_ANALYZER_NUMBER_OBJECT_CONVERSION = YES_AGGRESSIVE;
				CLANG_CXX_LANGUAGE_STANDARD = "gnu++14";
				CLANG_CXX_LIBRARY = "libc++";
				CLANG_ENABLE_MODULES = YES;
				CLANG_ENABLE_OBJC_ARC = YES;
				CLANG_ENABLE_OBJC_WEAK = YES;
				CLANG_WARN_BLOCK_CAPTURE_AUTORELEASING = YES;
				CLANG_WARN_BOOL_CONVERSION = YES;
				CLANG_WARN_COMMA = YES;
				CLANG_WARN_CONSTANT_CONVERSION = YES;
				CLANG_WARN_DEPRECATED_OBJC_IMPLEMENTATIONS = YES;
				CLANG_WARN_DIRECT_OBJC_ISA_USAGE = YES_ERROR;
				CLANG_WARN_DOCUMENTATION_COMMENTS = YES;
				CLANG_WARN_EMPTY_BODY = YES;
				CLANG_WARN_ENUM_CONVERSION = YES;
				CLANG_WARN_INFINITE_RECURSION = YES;
				CLANG_WARN_INT_CONVERSION = YES;
				CLANG_WARN_NON_LITERAL_NULL_CONVERSION = YES;
				CLANG_WARN_OBJC_IMPLICIT_RETAIN_SELF = YES;
				CLANG_WARN_OBJC_LITERAL_CONVERSION = YES;
				CLANG_WARN_OBJC_ROOT_CLASS = YES_ERROR;
				CLANG_WARN_QUOTED_INCLUDE_IN_FRAMEWORK_HEADER = YES;
				CLANG_WARN_RANGE_LOOP_ANALYSIS = YES;
				CLANG_WARN_STRICT_PROTOTYPES = YES;
				CLANG_WARN_SUSPICIOUS_MOVE = YES;
				CLANG_WARN_UNGUARDED_AVAILABILITY = YES_AGGRESSIVE;
				CLANG_WARN_UNREACHABLE_CODE = YES;
				CLANG_WARN__DUPLICATE_METHOD_MATCH = YES;
				COPY_PHASE_STRIP = NO;
				DEBUG_INFORMATION_FORMAT = dwarf;
				ENABLE_STRICT_OBJC_MSGSEND = YES;
				ENABLE_TESTABILITY = YES;
				GCC_C_LANGUAGE_STANDARD = gnu11;
				GCC_DYNAMIC_NO_PIC = NO;
				GCC_NO_COMMON_BLOCKS = YES;
				GCC_OPTIMIZATION_LEVEL = 0;
				GCC_PREPROCESSOR_DEFINITIONS = (
					"DEBUG=1",
					"$(inherited)",
				);
				GCC_WARN_64_TO_32_BIT_CONVERSION = YES;
				GCC_WARN_ABOUT_RETURN_TYPE = YES_ERROR;
				GCC_WARN_UNDECLARED_SELECTOR = YES;
				GCC_WARN_UNINITIALIZED_AUTOS = YES_AGGRESSIVE;
				GCC_WARN_UNUSED_FUNCTION = YES;
				GCC_WARN_UNUSED_VARIABLE = YES;
				IPHONEOS_DEPLOYMENT_TARGET = 14.4;
				MTL_ENABLE_DEBUG_INFO = INCLUDE_SOURCE;
				MTL_FAST_MATH = YES;
				ONLY_ACTIVE_ARCH = YES;
				SDKROOT = iphoneos;
				SWIFT_ACTIVE_COMPILATION_CONDITIONS = DEBUG;
				SWIFT_OPTIMIZATION_LEVEL = "-Onone";
			};
			name = Debug;
		};
		730A6E1D2605AC0200C5A799 /* Release */ = {
			isa = XCBuildConfiguration;
			buildSettings = {
				ALWAYS_SEARCH_USER_PATHS = NO;
				CLANG_ANALYZER_NONNULL = YES;
				CLANG_ANALYZER_NUMBER_OBJECT_CONVERSION = YES_AGGRESSIVE;
				CLANG_CXX_LANGUAGE_STANDARD = "gnu++14";
				CLANG_CXX_LIBRARY = "libc++";
				CLANG_ENABLE_MODULES = YES;
				CLANG_ENABLE_OBJC_ARC = YES;
				CLANG_ENABLE_OBJC_WEAK = YES;
				CLANG_WARN_BLOCK_CAPTURE_AUTORELEASING = YES;
				CLANG_WARN_BOOL_CONVERSION = YES;
				CLANG_WARN_COMMA = YES;
				CLANG_WARN_CONSTANT_CONVERSION = YES;
				CLANG_WARN_DEPRECATED_OBJC_IMPLEMENTATIONS = YES;
				CLANG_WARN_DIRECT_OBJC_ISA_USAGE = YES_ERROR;
				CLANG_WARN_DOCUMENTATION_COMMENTS = YES;
				CLANG_WARN_EMPTY_BODY = YES;
				CLANG_WARN_ENUM_CONVERSION = YES;
				CLANG_WARN_INFINITE_RECURSION = YES;
				CLANG_WARN_INT_CONVERSION = YES;
				CLANG_WARN_NON_LITERAL_NULL_CONVERSION = YES;
				CLANG_WARN_OBJC_IMPLICIT_RETAIN_SELF = YES;
				CLANG_WARN_OBJC_LITERAL_CONVERSION = YES;
				CLANG_WARN_OBJC_ROOT_CLASS = YES_ERROR;
				CLANG_WARN_QUOTED_INCLUDE_IN_FRAMEWORK_HEADER = YES;
				CLANG_WARN_RANGE_LOOP_ANALYSIS = YES;
				CLANG_WARN_STRICT_PROTOTYPES = YES;
				CLANG_WARN_SUSPICIOUS_MOVE = YES;
				CLANG_WARN_UNGUARDED_AVAILABILITY = YES_AGGRESSIVE;
				CLANG_WARN_UNREACHABLE_CODE = YES;
				CLANG_WARN__DUPLICATE_METHOD_MATCH = YES;
				COPY_PHASE_STRIP = NO;
				DEBUG_INFORMATION_FORMAT = "dwarf-with-dsym";
				ENABLE_NS_ASSERTIONS = NO;
				ENABLE_STRICT_OBJC_MSGSEND = YES;
				GCC_C_LANGUAGE_STANDARD = gnu11;
				GCC_NO_COMMON_BLOCKS = YES;
				GCC_WARN_64_TO_32_BIT_CONVERSION = YES;
				GCC_WARN_ABOUT_RETURN_TYPE = YES_ERROR;
				GCC_WARN_UNDECLARED_SELECTOR = YES;
				GCC_WARN_UNINITIALIZED_AUTOS = YES_AGGRESSIVE;
				GCC_WARN_UNUSED_FUNCTION = YES;
				GCC_WARN_UNUSED_VARIABLE = YES;
				IPHONEOS_DEPLOYMENT_TARGET = 14.4;
				MTL_ENABLE_DEBUG_INFO = NO;
				MTL_FAST_MATH = YES;
				SDKROOT = iphoneos;
				SWIFT_COMPILATION_MODE = wholemodule;
				SWIFT_OPTIMIZATION_LEVEL = "-O";
				VALIDATE_PRODUCT = YES;
			};
			name = Release;
		};
		730A6E1F2605AC0200C5A799 /* Debug */ = {
			isa = XCBuildConfiguration;
			baseConfigurationReference = F92B854D99F45F6F7BBA8E5A /* Pods-Instagram.debug.xcconfig */;
			buildSettings = {
				ASSETCATALOG_COMPILER_APPICON_NAME = AppIcon;
				ASSETCATALOG_COMPILER_GLOBAL_ACCENT_COLOR_NAME = AccentColor;
				CODE_SIGN_STYLE = Automatic;
				DEVELOPMENT_TEAM = 4FW7Y9T8NV;
				INFOPLIST_FILE = Instagram/Info.plist;
				LD_RUNPATH_SEARCH_PATHS = (
					"$(inherited)",
					"@executable_path/Frameworks",
				);
				PRODUCT_BUNDLE_IDENTIFIER = "ravin.j.anderson-gmail.com.Instagram";
				PRODUCT_NAME = "$(TARGET_NAME)";
				SWIFT_VERSION = 5.0;
				TARGETED_DEVICE_FAMILY = "1,2";
			};
			name = Debug;
		};
		730A6E202605AC0200C5A799 /* Release */ = {
			isa = XCBuildConfiguration;
			baseConfigurationReference = 4A76A03A29C529CFAE383F35 /* Pods-Instagram.release.xcconfig */;
			buildSettings = {
				ASSETCATALOG_COMPILER_APPICON_NAME = AppIcon;
				ASSETCATALOG_COMPILER_GLOBAL_ACCENT_COLOR_NAME = AccentColor;
				CODE_SIGN_STYLE = Automatic;
				DEVELOPMENT_TEAM = 4FW7Y9T8NV;
				INFOPLIST_FILE = Instagram/Info.plist;
				LD_RUNPATH_SEARCH_PATHS = (
					"$(inherited)",
					"@executable_path/Frameworks",
				);
				PRODUCT_BUNDLE_IDENTIFIER = "ravin.j.anderson-gmail.com.Instagram";
				PRODUCT_NAME = "$(TARGET_NAME)";
				SWIFT_VERSION = 5.0;
				TARGETED_DEVICE_FAMILY = "1,2";
			};
			name = Release;
		};
		730A6E222605AC0200C5A799 /* Debug */ = {
			isa = XCBuildConfiguration;
			baseConfigurationReference = D668D06195D7D9BABED4D185 /* Pods-InstagramTests.debug.xcconfig */;
			buildSettings = {
				ALWAYS_EMBED_SWIFT_STANDARD_LIBRARIES = YES;
				BUNDLE_LOADER = "$(TEST_HOST)";
				CODE_SIGN_STYLE = Automatic;
				INFOPLIST_FILE = InstagramTests/Info.plist;
				IPHONEOS_DEPLOYMENT_TARGET = 14.4;
				LD_RUNPATH_SEARCH_PATHS = (
					"$(inherited)",
					"@executable_path/Frameworks",
					"@loader_path/Frameworks",
				);
				PRODUCT_BUNDLE_IDENTIFIER = "ravin.j.anderson-gmail.com.InstagramTests";
				PRODUCT_NAME = "$(TARGET_NAME)";
				SWIFT_VERSION = 5.0;
				TARGETED_DEVICE_FAMILY = "1,2";
				TEST_HOST = "$(BUILT_PRODUCTS_DIR)/Instagram.app/Instagram";
			};
			name = Debug;
		};
		730A6E232605AC0200C5A799 /* Release */ = {
			isa = XCBuildConfiguration;
			baseConfigurationReference = 1C1F924C4124A72F1E394715 /* Pods-InstagramTests.release.xcconfig */;
			buildSettings = {
				ALWAYS_EMBED_SWIFT_STANDARD_LIBRARIES = YES;
				BUNDLE_LOADER = "$(TEST_HOST)";
				CODE_SIGN_STYLE = Automatic;
				INFOPLIST_FILE = InstagramTests/Info.plist;
				IPHONEOS_DEPLOYMENT_TARGET = 14.4;
				LD_RUNPATH_SEARCH_PATHS = (
					"$(inherited)",
					"@executable_path/Frameworks",
					"@loader_path/Frameworks",
				);
				PRODUCT_BUNDLE_IDENTIFIER = "ravin.j.anderson-gmail.com.InstagramTests";
				PRODUCT_NAME = "$(TARGET_NAME)";
				SWIFT_VERSION = 5.0;
				TARGETED_DEVICE_FAMILY = "1,2";
				TEST_HOST = "$(BUILT_PRODUCTS_DIR)/Instagram.app/Instagram";
			};
			name = Release;
		};
		730A6E252605AC0200C5A799 /* Debug */ = {
			isa = XCBuildConfiguration;
			baseConfigurationReference = 9BDEAD79B644099C45784C96 /* Pods-Instagram-InstagramUITests.debug.xcconfig */;
			buildSettings = {
				ALWAYS_EMBED_SWIFT_STANDARD_LIBRARIES = YES;
				CODE_SIGN_STYLE = Automatic;
				INFOPLIST_FILE = InstagramUITests/Info.plist;
				LD_RUNPATH_SEARCH_PATHS = (
					"$(inherited)",
					"@executable_path/Frameworks",
					"@loader_path/Frameworks",
				);
				PRODUCT_BUNDLE_IDENTIFIER = "ravin.j.anderson-gmail.com.InstagramUITests";
				PRODUCT_NAME = "$(TARGET_NAME)";
				SWIFT_VERSION = 5.0;
				TARGETED_DEVICE_FAMILY = "1,2";
				TEST_TARGET_NAME = Instagram;
			};
			name = Debug;
		};
		730A6E262605AC0200C5A799 /* Release */ = {
			isa = XCBuildConfiguration;
			baseConfigurationReference = 2A3AB4640CD4D2B146204F95 /* Pods-Instagram-InstagramUITests.release.xcconfig */;
			buildSettings = {
				ALWAYS_EMBED_SWIFT_STANDARD_LIBRARIES = YES;
				CODE_SIGN_STYLE = Automatic;
				INFOPLIST_FILE = InstagramUITests/Info.plist;
				LD_RUNPATH_SEARCH_PATHS = (
					"$(inherited)",
					"@executable_path/Frameworks",
					"@loader_path/Frameworks",
				);
				PRODUCT_BUNDLE_IDENTIFIER = "ravin.j.anderson-gmail.com.InstagramUITests";
				PRODUCT_NAME = "$(TARGET_NAME)";
				SWIFT_VERSION = 5.0;
				TARGETED_DEVICE_FAMILY = "1,2";
				TEST_TARGET_NAME = Instagram;
			};
			name = Release;
		};
/* End XCBuildConfiguration section */

/* Begin XCConfigurationList section */
		730A6DEF2605AC0100C5A799 /* Build configuration list for PBXProject "Instagram" */ = {
			isa = XCConfigurationList;
			buildConfigurations = (
				730A6E1C2605AC0200C5A799 /* Debug */,
				730A6E1D2605AC0200C5A799 /* Release */,
			);
			defaultConfigurationIsVisible = 0;
			defaultConfigurationName = Release;
		};
		730A6E1E2605AC0200C5A799 /* Build configuration list for PBXNativeTarget "Instagram" */ = {
			isa = XCConfigurationList;
			buildConfigurations = (
				730A6E1F2605AC0200C5A799 /* Debug */,
				730A6E202605AC0200C5A799 /* Release */,
			);
			defaultConfigurationIsVisible = 0;
			defaultConfigurationName = Release;
		};
		730A6E212605AC0200C5A799 /* Build configuration list for PBXNativeTarget "InstagramTests" */ = {
			isa = XCConfigurationList;
			buildConfigurations = (
				730A6E222605AC0200C5A799 /* Debug */,
				730A6E232605AC0200C5A799 /* Release */,
			);
			defaultConfigurationIsVisible = 0;
			defaultConfigurationName = Release;
		};
		730A6E242605AC0200C5A799 /* Build configuration list for PBXNativeTarget "InstagramUITests" */ = {
			isa = XCConfigurationList;
			buildConfigurations = (
				730A6E252605AC0200C5A799 /* Debug */,
				730A6E262605AC0200C5A799 /* Release */,
			);
			defaultConfigurationIsVisible = 0;
			defaultConfigurationName = Release;
		};
/* End XCConfigurationList section */
	};
	rootObject = 730A6DEC2605AC0100C5A799 /* Project object */;
}
